# Run ./gradlew --write-locks to regenerate this file
com.fasterxml.jackson:jackson-bom:2.13.2 (8 constraints: 7faa0dc9)
com.fasterxml.jackson.core:jackson-annotations:2.13.2 (7 constraints: 447ba1e6)
com.fasterxml.jackson.core:jackson-core:2.13.2 (10 constraints: bbd13778)
com.fasterxml.jackson.core:jackson-databind:2.13.2 (15 constraints: b338d7df)
com.fasterxml.jackson.dataformat:jackson-dataformat-cbor:2.13.2 (2 constraints: 342b4c87)
com.fasterxml.jackson.dataformat:jackson-dataformat-smile:2.13.2 (2 constraints: 342b4c87)
com.fasterxml.jackson.datatype:jackson-datatype-guava:2.13.2 (2 constraints: 342b4c87)
com.fasterxml.jackson.datatype:jackson-datatype-jdk8:2.13.2 (2 constraints: 342b4c87)
com.fasterxml.jackson.datatype:jackson-datatype-joda:2.13.2 (2 constraints: 342b4c87)
com.fasterxml.jackson.datatype:jackson-datatype-jsr310:2.13.2 (2 constraints: 342b4c87)
com.fasterxml.jackson.module:jackson-module-afterburner:2.13.2 (2 constraints: 502b4789)
com.github.ben-manes.caffeine:caffeine:3.0.5 (1 constraints: a40f9588)
com.google.code.findbugs:jsr305:3.0.2 (12 constraints: 1ec040f9)
com.google.errorprone:error_prone_annotations:2.11.0 (14 constraints: 82d6d826)
com.google.guava:failureaccess:1.0.1 (1 constraints: 140ae1b4)
com.google.guava:guava:31.1-jre (12 constraints: 59d2bd10)
com.google.guava:listenablefuture:9999.0-empty-to-avoid-conflict-with-guava (1 constraints: bd17c918)
com.google.j2objc:j2objc-annotations:1.3 (1 constraints: b809eda0)
com.palantir.conjure.java:conjure-lib:6.42.0 (4 constraints: 57463c86)
com.palantir.conjure.java:conjure-undertow-annotations:6.42.0 (1 constraints: 3e05593b)
com.palantir.conjure.java:conjure-undertow-lib:6.42.0 (1 constraints: 40171f24)
com.palantir.conjure.java.api:errors:2.24.0 (2 constraints: f31fd727)
com.palantir.conjure.java.runtime:conjure-java-jackson-optimizations:7.29.0 (1 constraints: 881ccda4)
com.palantir.conjure.java.runtime:conjure-java-jackson-serialization:7.29.0 (1 constraints: de0f9c98)
com.palantir.dialogue:dialogue-annotations:3.52.0 (1 constraints: 3c054b3b)
com.palantir.dialogue:dialogue-blocking-channels:3.52.0 (1 constraints: d60f7b98)
com.palantir.dialogue:dialogue-futures:3.52.0 (2 constraints: 5a243cd5)
com.palantir.dialogue:dialogue-serde:3.52.0 (1 constraints: 7112b10f)
com.palantir.dialogue:dialogue-target:3.52.0 (3 constraints: ca36e562)
com.palantir.ri:resource-identifier:2.3.0 (4 constraints: dc4110da)
com.palantir.safe-logging:logger:1.25.0 (8 constraints: 8181a9e2)
com.palantir.safe-logging:logger-slf4j:1.25.0 (1 constraints: 330e8e50)
com.palantir.safe-logging:logger-spi:1.25.0 (2 constraints: 751ea2b0)
com.palantir.safe-logging:preconditions:1.26.0 (13 constraints: e3de0149)
com.palantir.safe-logging:safe-logging:1.26.0 (12 constraints: 89c2b4a7)
com.palantir.safethreadlocalrandom:safe-thread-local-random:0.1.0 (1 constraints: 9d0f8488)
com.palantir.tokens:auth-tokens:3.14.0 (4 constraints: a24265b8)
com.palantir.tracing:tracing:6.9.0 (2 constraints: 0424f894)
com.palantir.tracing:tracing-api:6.9.0 (1 constraints: a70c5e09)
com.palantir.tritium:tritium-api:0.39.0 (2 constraints: 391fa0bd)
com.palantir.tritium:tritium-core:0.39.0 (1 constraints: 44104fa2)
com.palantir.tritium:tritium-metrics:0.39.0 (2 constraints: 5e248ed5)
com.palantir.tritium:tritium-registry:0.39.0 (3 constraints: a1340b01)
commons-codec:commons-codec:1.15 (1 constraints: 0d13c328)
io.dropwizard.metrics:metrics-core:4.1.1 (3 constraints: 3e304e31)
io.undertow:undertow-core:2.2.17.Final (1 constraints: e1154cdf)
jakarta.annotation:jakarta.annotation-api:1.3.5 (1 constraints: f10f7399)
jakarta.ws.rs:jakarta.ws.rs-api:2.1.6 (2 constraints: 951f64ef)
joda-time:joda-time:2.10.8 (1 constraints: 2e16acf1)
org.apache.httpcomponents.client5:httpclient5:5.1.3 (1 constraints: 40122cfd)
org.apache.httpcomponents.core5:httpcore5:5.1.3 (3 constraints: d337d4f5)
org.apache.httpcomponents.core5:httpcore5-h2:5.1.3 (1 constraints: 3d13093c)
org.checkerframework:checker-qual:3.19.0 (2 constraints: 7a1a5075)
org.hdrhistogram:HdrHistogram:2.1.12 (1 constraints: 3e103aa2)
org.jboss.logging:jboss-logging:3.4.1.Final (3 constraints: f03036d7)
org.jboss.threads:jboss-threads:3.1.0.Final (2 constraints: 561a9b42)
org.jboss.xnio:xnio-api:3.8.6.Final (2 constraints: 751afd45)
org.jboss.xnio:xnio-nio:3.8.6.Final (1 constraints: c70dc430)
org.mpierce.metrics.reservoir:hdrhistogram-metrics-reservoir:1.1.3 (1 constraints: 0d10f991)
org.slf4j:slf4j-api:1.7.36 (6 constraints: b75e2219)
org.wildfly.client:wildfly-client-config:1.0.1.Final (1 constraints: 940c6308)
org.wildfly.common:wildfly-common:1.5.4.Final (2 constraints: 741cfbf1)
